
Microsoft Visual Studio Solution File, Format Version 12.00
# Visual Studio Version 17
VisualStudioVersion = 17.11.35327.3
MinimumVisualStudioVersion = 10.0.40219.1
Project("{FAE04EC0-301F-11D3-BF4B-00C04F79EFBC}") = "TPsemiFinal", "TPsemiFinal\TPsemiFinal.csproj", "{BE93B8AB-90D7-4425-8689-FC3B827D1BF3}"
EndProject
Global
	GlobalSection(SolutionConfigurationPlatforms) = preSolution
		Debug|Any CPU = Debug|Any CPU
		Release|Any CPU = Release|Any CPU
	EndGlobalSection
	GlobalSection(ProjectConfigurationPlatforms) = postSolution
		{BE93B8AB-90D7-4425-8689-FC3B827D1BF3}.Debug|Any CPU.ActiveCfg = Debug|Any CPU
		{BE93B8AB-90D7-4425-8689-FC3B827D1BF3}.Debug|Any CPU.Build.0 = Debug|Any CPU
		{BE93B8AB-90D7-4425-8689-FC3B827D1BF3}.Release|Any CPU.ActiveCfg = Release|Any CPU
		{BE93B8AB-90D7-4425-8689-FC3B827D1BF3}.Release|Any CPU.Build.0 = Release|Any CPU
	EndGlobalSection
	GlobalSection(SolutionProperties) = preSolution
		HideSolutionNode = FALSE
	EndGlobalSection
	GlobalSection(ExtensibilityGlobals) = postSolution
		SolutionGuid = {CB1A3D88-6E9F-47F8-AECA-8AE8FF1D0C87}
	EndGlobalSection
EndGlobal
